// !$*UTF8*$!
{
	archiveVersion = 1;
	classes = {
	};
	objectVersion = 51;
	objects = {

/* Begin PBXBuildFile section */
		160A625C23C4437F00790655 /* PlaylistRow.swift in Sources */ = {isa = PBXBuildFile; fileRef = 160A625B23C4437F00790655 /* PlaylistRow.swift */; };
		160A625E23C5521100790655 /* Song.swift in Sources */ = {isa = PBXBuildFile; fileRef = 160A625D23C5521100790655 /* Song.swift */; };
		1610B68A23E177EB00940C01 /* Default-568h@2x.png in Resources */ = {isa = PBXBuildFile; fileRef = 1610B68923E177EB00940C01 /* Default-568h@2x.png */; };
		161528D0244D88B500C7B0D4 /* Auth.swift in Sources */ = {isa = PBXBuildFile; fileRef = 161528CF244D88B500C7B0D4 /* Auth.swift */; };
		1627AE9D23C702100087E862 /* songs.json in Resources */ = {isa = PBXBuildFile; fileRef = 1627AE9C23C702100087E862 /* songs.json */; };
		1652AB12238DD978001C21E2 /* AppDelegate.swift in Sources */ = {isa = PBXBuildFile; fileRef = 1652AB11238DD978001C21E2 /* AppDelegate.swift */; };
		1652AB14238DD978001C21E2 /* SceneDelegate.swift in Sources */ = {isa = PBXBuildFile; fileRef = 1652AB13238DD978001C21E2 /* SceneDelegate.swift */; };
		1652AB16238DD978001C21E2 /* FullPlaylistScreen.swift in Sources */ = {isa = PBXBuildFile; fileRef = 1652AB15238DD978001C21E2 /* FullPlaylistScreen.swift */; };
		1652AB18238DD979001C21E2 /* Assets.xcassets in Resources */ = {isa = PBXBuildFile; fileRef = 1652AB17238DD979001C21E2 /* Assets.xcassets */; };
		1652AB1B238DD979001C21E2 /* Preview Assets.xcassets in Resources */ = {isa = PBXBuildFile; fileRef = 1652AB1A238DD979001C21E2 /* Preview Assets.xcassets */; };
		1652AB1E238DD979001C21E2 /* LaunchScreen.storyboard in Resources */ = {isa = PBXBuildFile; fileRef = 1652AB1C238DD979001C21E2 /* LaunchScreen.storyboard */; };
		1654E81E245E924700A7D1C8 /* GoogleService-Info.plist in Resources */ = {isa = PBXBuildFile; fileRef = 1654E81D245E924700A7D1C8 /* GoogleService-Info.plist */; };
		1664564B2433038C00B078F8 /* SignUpScreen.swift in Sources */ = {isa = PBXBuildFile; fileRef = 1664564A2433038C00B078F8 /* SignUpScreen.swift */; };
		1666450024E26B1900B62E5E /* PlaylistDetails.swift in Sources */ = {isa = PBXBuildFile; fileRef = 166644FF24E26B1900B62E5E /* PlaylistDetails.swift */; };
		1666450224E26B5800B62E5E /* ButtonView.swift in Sources */ = {isa = PBXBuildFile; fileRef = 1666450124E26B5800B62E5E /* ButtonView.swift */; };
		16B6EF7824497A6A00D6EA84 /* User.swift in Sources */ = {isa = PBXBuildFile; fileRef = 16B6EF7724497A6A00D6EA84 /* User.swift */; };
		16BB059423B6B42300E51A00 /* PlaylistIcons.swift in Sources */ = {isa = PBXBuildFile; fileRef = 16BB059323B6B42300E51A00 /* PlaylistIcons.swift */; };
		16C515FE2495A02C003B112A /* ContentView.swift in Sources */ = {isa = PBXBuildFile; fileRef = 16C515FD2495A02C003B112A /* ContentView.swift */; };
		16CF35E723E01E3900833859 /* Data.swift in Sources */ = {isa = PBXBuildFile; fileRef = 16CF35E623E01E3900833859 /* Data.swift */; };
		16E62DB324557AAB00698EE6 /* SessionStore.swift in Sources */ = {isa = PBXBuildFile; fileRef = 16E62DB224557AAB00698EE6 /* SessionStore.swift */; };
		16F94FC524234ED4009811A0 /* LoginScreen.swift in Sources */ = {isa = PBXBuildFile; fileRef = 16F94FC424234ED4009811A0 /* LoginScreen.swift */; };
		B4B752269BC4F149BCE9B996 /* Pods_K_PlayerAppSwiftUI.framework in Frameworks */ = {isa = PBXBuildFile; fileRef = 5258CE68BE1831A0D04EC00F /* Pods_K_PlayerAppSwiftUI.framework */; };
/* End PBXBuildFile section */

/* Begin PBXFileReference section */
		160A625B23C4437F00790655 /* PlaylistRow.swift */ = {isa = PBXFileReference; lastKnownFileType = sourcecode.swift; path = PlaylistRow.swift; sourceTree = "<group>"; };
		160A625D23C5521100790655 /* Song.swift */ = {isa = PBXFileReference; lastKnownFileType = sourcecode.swift; path = Song.swift; sourceTree = "<group>"; };
		1610B68923E177EB00940C01 /* Default-568h@2x.png */ = {isa = PBXFileReference; lastKnownFileType = image.png; path = "Default-568h@2x.png"; sourceTree = "<group>"; };
		1610B68C23E17E7300940C01 /* Info.plist */ = {isa = PBXFileReference; lastKnownFileType = text.plist; name = Info.plist; path = "Preview Content/../Supporting Files/Info.plist"; sourceTree = "<group>"; };
		161528CF244D88B500C7B0D4 /* Auth.swift */ = {isa = PBXFileReference; lastKnownFileType = sourcecode.swift; path = Auth.swift; sourceTree = "<group>"; };
		1627AE9C23C702100087E862 /* songs.json */ = {isa = PBXFileReference; fileEncoding = 4; lastKnownFileType = text.json; path = songs.json; sourceTree = "<group>"; };
		164F0FA223F3CF2F00BFBC8C /* K-PlayerAppSwiftUI.entitlements */ = {isa = PBXFileReference; lastKnownFileType = text.plist.entitlements; path = "K-PlayerAppSwiftUI.entitlements"; sourceTree = "<group>"; };
		1652AB0E238DD978001C21E2 /* K-PlayerAppSwiftUI.app */ = {isa = PBXFileReference; explicitFileType = wrapper.application; includeInIndex = 0; path = "K-PlayerAppSwiftUI.app"; sourceTree = BUILT_PRODUCTS_DIR; };
		1652AB11238DD978001C21E2 /* AppDelegate.swift */ = {isa = PBXFileReference; lastKnownFileType = sourcecode.swift; path = AppDelegate.swift; sourceTree = "<group>"; };
		1652AB13238DD978001C21E2 /* SceneDelegate.swift */ = {isa = PBXFileReference; lastKnownFileType = sourcecode.swift; path = SceneDelegate.swift; sourceTree = "<group>"; };
		1652AB15238DD978001C21E2 /* FullPlaylistScreen.swift */ = {isa = PBXFileReference; lastKnownFileType = sourcecode.swift; path = FullPlaylistScreen.swift; sourceTree = "<group>"; };
		1652AB17238DD979001C21E2 /* Assets.xcassets */ = {isa = PBXFileReference; lastKnownFileType = folder.assetcatalog; path = Assets.xcassets; sourceTree = "<group>"; };
		1652AB1A238DD979001C21E2 /* Preview Assets.xcassets */ = {isa = PBXFileReference; lastKnownFileType = folder.assetcatalog; path = "Preview Assets.xcassets"; sourceTree = "<group>"; };
		1652AB1D238DD979001C21E2 /* Base */ = {isa = PBXFileReference; lastKnownFileType = file.storyboard; name = Base; path = Base.lproj/LaunchScreen.storyboard; sourceTree = "<group>"; };
		1652AB1F238DD979001C21E2 /* Info.plist */ = {isa = PBXFileReference; lastKnownFileType = text.plist; name = Info.plist; path = "../Supporting Files/Info.plist"; sourceTree = "<group>"; };
		1654E81D245E924700A7D1C8 /* GoogleService-Info.plist */ = {isa = PBXFileReference; fileEncoding = 4; lastKnownFileType = text.plist.xml; path = "GoogleService-Info.plist"; sourceTree = "<group>"; };
		1664564A2433038C00B078F8 /* SignUpScreen.swift */ = {isa = PBXFileReference; lastKnownFileType = sourcecode.swift; path = SignUpScreen.swift; sourceTree = "<group>"; };
		166644FF24E26B1900B62E5E /* PlaylistDetails.swift */ = {isa = PBXFileReference; lastKnownFileType = sourcecode.swift; path = PlaylistDetails.swift; sourceTree = "<group>"; };
		1666450124E26B5800B62E5E /* ButtonView.swift */ = {isa = PBXFileReference; lastKnownFileType = sourcecode.swift; path = ButtonView.swift; sourceTree = "<group>"; };
		16B6EF7724497A6A00D6EA84 /* User.swift */ = {isa = PBXFileReference; lastKnownFileType = sourcecode.swift; path = User.swift; sourceTree = "<group>"; };
		16BB059323B6B42300E51A00 /* PlaylistIcons.swift */ = {isa = PBXFileReference; lastKnownFileType = sourcecode.swift; path = PlaylistIcons.swift; sourceTree = "<group>"; };
		16C515FD2495A02C003B112A /* ContentView.swift */ = {isa = PBXFileReference; lastKnownFileType = sourcecode.swift; path = ContentView.swift; sourceTree = "<group>"; };
		16CF35E623E01E3900833859 /* Data.swift */ = {isa = PBXFileReference; lastKnownFileType = sourcecode.swift; path = Data.swift; sourceTree = "<group>"; };
		16E62DB224557AAB00698EE6 /* SessionStore.swift */ = {isa = PBXFileReference; lastKnownFileType = sourcecode.swift; path = SessionStore.swift; sourceTree = "<group>"; };
		16F94FC424234ED4009811A0 /* LoginScreen.swift */ = {isa = PBXFileReference; lastKnownFileType = sourcecode.swift; path = LoginScreen.swift; sourceTree = "<group>"; };
		5258CE68BE1831A0D04EC00F /* Pods_K_PlayerAppSwiftUI.framework */ = {isa = PBXFileReference; explicitFileType = wrapper.framework; includeInIndex = 0; path = Pods_K_PlayerAppSwiftUI.framework; sourceTree = BUILT_PRODUCTS_DIR; };
		5ACF5A35F706100588D18338 /* Pods-K-PlayerAppSwiftUI.release.xcconfig */ = {isa = PBXFileReference; includeInIndex = 1; lastKnownFileType = text.xcconfig; name = "Pods-K-PlayerAppSwiftUI.release.xcconfig"; path = "Target Support Files/Pods-K-PlayerAppSwiftUI/Pods-K-PlayerAppSwiftUI.release.xcconfig"; sourceTree = "<group>"; };
		C65DA1E47F25964D377C5F8F /* Pods-K-PlayerAppSwiftUI.debug.xcconfig */ = {isa = PBXFileReference; includeInIndex = 1; lastKnownFileType = text.xcconfig; name = "Pods-K-PlayerAppSwiftUI.debug.xcconfig"; path = "Target Support Files/Pods-K-PlayerAppSwiftUI/Pods-K-PlayerAppSwiftUI.debug.xcconfig"; sourceTree = "<group>"; };
/* End PBXFileReference section */

/* Begin PBXFrameworksBuildPhase section */
		1652AB0B238DD978001C21E2 /* Frameworks */ = {
			isa = PBXFrameworksBuildPhase;
			buildActionMask = 2147483647;
			files = (
				B4B752269BC4F149BCE9B996 /* Pods_K_PlayerAppSwiftUI.framework in Frameworks */,
			);
			runOnlyForDeploymentPostprocessing = 0;
		};
/* End PBXFrameworksBuildPhase section */

/* Begin PBXGroup section */
		1627AE9E23C704180087E862 /* Models */ = {
			isa = PBXGroup;
			children = (
				160A625D23C5521100790655 /* Song.swift */,
				16CF35E623E01E3900833859 /* Data.swift */,
				16B6EF7724497A6A00D6EA84 /* User.swift */,
				161528CF244D88B500C7B0D4 /* Auth.swift */,
			);
			path = Models;
			sourceTree = "<group>";
		};
		1627AE9F23C704940087E862 /* Views */ = {
			isa = PBXGroup;
			children = (
				16C515FD2495A02C003B112A /* ContentView.swift */,
				1652AB1C238DD979001C21E2 /* LaunchScreen.storyboard */,
				1652AB15238DD978001C21E2 /* FullPlaylistScreen.swift */,
				16F94FC424234ED4009811A0 /* LoginScreen.swift */,
				1664564A2433038C00B078F8 /* SignUpScreen.swift */,
				1666450124E26B5800B62E5E /* ButtonView.swift */,
				1627AEA123C704DE0087E862 /* scrollableView */,
			);
			path = Views;
			sourceTree = "<group>";
		};
		1627AEA023C704A80087E862 /* customIcons */ = {
			isa = PBXGroup;
			children = (
				16BB059323B6B42300E51A00 /* PlaylistIcons.swift */,
				166644FF24E26B1900B62E5E /* PlaylistDetails.swift */,
			);
			path = customIcons;
			sourceTree = "<group>";
		};
		1627AEA123C704DE0087E862 /* scrollableView */ = {
			isa = PBXGroup;
			children = (
				1627AEA023C704A80087E862 /* customIcons */,
				160A625B23C4437F00790655 /* PlaylistRow.swift */,
			);
			path = scrollableView;
			sourceTree = "<group>";
		};
		1627AEA223C705250087E862 /* Supporting Files */ = {
			isa = PBXGroup;
			children = (
				16E62DB224557AAB00698EE6 /* SessionStore.swift */,
				1654E81D245E924700A7D1C8 /* GoogleService-Info.plist */,
			);
			path = "Supporting Files";
			sourceTree = "<group>";
		};
		1627AEA323C705510087E862 /* Data */ = {
			isa = PBXGroup;
			children = (
				1627AE9C23C702100087E862 /* songs.json */,
			);
			path = Data;
			sourceTree = "<group>";
		};
		1627AEA423C7059E0087E862 /* Controllers */ = {
			isa = PBXGroup;
			children = (
				1652AB11238DD978001C21E2 /* AppDelegate.swift */,
				1652AB13238DD978001C21E2 /* SceneDelegate.swift */,
			);
			path = Controllers;
			sourceTree = "<group>";
		};
		1652AB05238DD978001C21E2 = {
			isa = PBXGroup;
			children = (
				1610B68923E177EB00940C01 /* Default-568h@2x.png */,
				1652AB10238DD978001C21E2 /* K-PlayerAppSwiftUI */,
				1652AB0F238DD978001C21E2 /* Products */,
				F06961F06E00D0BC738B1C24 /* Pods */,
				A75A4F713D903CF73E3CB709 /* Frameworks */,
			);
			sourceTree = "<group>";
		};
		1652AB0F238DD978001C21E2 /* Products */ = {
			isa = PBXGroup;
			children = (
				1652AB0E238DD978001C21E2 /* K-PlayerAppSwiftUI.app */,
			);
			name = Products;
			sourceTree = "<group>";
		};
		1652AB10238DD978001C21E2 /* K-PlayerAppSwiftUI */ = {
			isa = PBXGroup;
			children = (
				164F0FA223F3CF2F00BFBC8C /* K-PlayerAppSwiftUI.entitlements */,
				1627AEA423C7059E0087E862 /* Controllers */,
				1627AE9E23C704180087E862 /* Models */,
				1627AE9F23C704940087E862 /* Views */,
				1652AB17238DD979001C21E2 /* Assets.xcassets */,
				1627AEA323C705510087E862 /* Data */,
				1627AEA223C705250087E862 /* Supporting Files */,
				1652AB19238DD979001C21E2 /* Preview Content */,
				1610B68C23E17E7300940C01 /* Info.plist */,
			);
			path = "K-PlayerAppSwiftUI";
			sourceTree = "<group>";
		};
		1652AB19238DD979001C21E2 /* Preview Content */ = {
			isa = PBXGroup;
			children = (
				1652AB1F238DD979001C21E2 /* Info.plist */,
				1652AB1A238DD979001C21E2 /* Preview Assets.xcassets */,
			);
			path = "Preview Content";
			sourceTree = "<group>";
		};
		A75A4F713D903CF73E3CB709 /* Frameworks */ = {
			isa = PBXGroup;
			children = (
				5258CE68BE1831A0D04EC00F /* Pods_K_PlayerAppSwiftUI.framework */,
			);
			name = Frameworks;
			sourceTree = "<group>";
		};
		F06961F06E00D0BC738B1C24 /* Pods */ = {
			isa = PBXGroup;
			children = (
				C65DA1E47F25964D377C5F8F /* Pods-K-PlayerAppSwiftUI.debug.xcconfig */,
				5ACF5A35F706100588D18338 /* Pods-K-PlayerAppSwiftUI.release.xcconfig */,
			);
			path = Pods;
			sourceTree = "<group>";
		};
/* End PBXGroup section */

/* Begin PBXNativeTarget section */
		1652AB0D238DD978001C21E2 /* K-PlayerAppSwiftUI */ = {
			isa = PBXNativeTarget;
			buildConfigurationList = 1652AB22238DD979001C21E2 /* Build configuration list for PBXNativeTarget "K-PlayerAppSwiftUI" */;
			buildPhases = (
				FC6166DB0FB4420D6872794D /* [CP] Check Pods Manifest.lock */,
				1652AB0A238DD978001C21E2 /* Sources */,
				1652AB0B238DD978001C21E2 /* Frameworks */,
				1652AB0C238DD978001C21E2 /* Resources */,
				969286E39B39458BC78FB93A /* [CP] Embed Pods Frameworks */,
			);
			buildRules = (
			);
			dependencies = (
			);
			name = "K-PlayerAppSwiftUI";
			productName = "K-PlayerAppSwiftUI";
			productReference = 1652AB0E238DD978001C21E2 /* K-PlayerAppSwiftUI.app */;
			productType = "com.apple.product-type.application";
		};
/* End PBXNativeTarget section */

/* Begin PBXProject section */
		1652AB06238DD978001C21E2 /* Project object */ = {
			isa = PBXProject;
			attributes = {
				LastSwiftUpdateCheck = 1120;
				LastUpgradeCheck = 1120;
				ORGANIZATIONNAME = "Ashley Raigosa";
				TargetAttributes = {
					1652AB0D238DD978001C21E2 = {
						CreatedOnToolsVersion = 11.2.1;
					};
				};
			};
			buildConfigurationList = 1652AB09238DD978001C21E2 /* Build configuration list for PBXProject "K-PlayerAppSwiftUI" */;
			compatibilityVersion = "Xcode 9.3";
			developmentRegion = en;
			hasScannedForEncodings = 0;
			knownRegions = (
				en,
				Base,
			);
			mainGroup = 1652AB05238DD978001C21E2;
			productRefGroup = 1652AB0F238DD978001C21E2 /* Products */;
			projectDirPath = "";
			projectRoot = "";
			targets = (
				1652AB0D238DD978001C21E2 /* K-PlayerAppSwiftUI */,
			);
		};
/* End PBXProject section */

/* Begin PBXResourcesBuildPhase section */
		1652AB0C238DD978001C21E2 /* Resources */ = {
			isa = PBXResourcesBuildPhase;
			buildActionMask = 2147483647;
			files = (
				1652AB1E238DD979001C21E2 /* LaunchScreen.storyboard in Resources */,
				1654E81E245E924700A7D1C8 /* GoogleService-Info.plist in Resources */,
				1627AE9D23C702100087E862 /* songs.json in Resources */,
				1652AB1B238DD979001C21E2 /* Preview Assets.xcassets in Resources */,
				1652AB18238DD979001C21E2 /* Assets.xcassets in Resources */,
				1610B68A23E177EB00940C01 /* Default-568h@2x.png in Resources */,
			);
			runOnlyForDeploymentPostprocessing = 0;
		};
/* End PBXResourcesBuildPhase section */

/* Begin PBXShellScriptBuildPhase section */
		969286E39B39458BC78FB93A /* [CP] Embed Pods Frameworks */ = {
			isa = PBXShellScriptBuildPhase;
			buildActionMask = 2147483647;
			files = (
			);
			inputFileListPaths = (
				"${PODS_ROOT}/Target Support Files/Pods-K-PlayerAppSwiftUI/Pods-K-PlayerAppSwiftUI-frameworks-${CONFIGURATION}-input-files.xcfilelist",
			);
			name = "[CP] Embed Pods Frameworks";
			outputFileListPaths = (
				"${PODS_ROOT}/Target Support Files/Pods-K-PlayerAppSwiftUI/Pods-K-PlayerAppSwiftUI-frameworks-${CONFIGURATION}-output-files.xcfilelist",
			);
			runOnlyForDeploymentPostprocessing = 0;
			shellPath = /bin/sh;
			shellScript = "\"${PODS_ROOT}/Target Support Files/Pods-K-PlayerAppSwiftUI/Pods-K-PlayerAppSwiftUI-frameworks.sh\"\n";
			showEnvVarsInLog = 0;
		};
		FC6166DB0FB4420D6872794D /* [CP] Check Pods Manifest.lock */ = {
			isa = PBXShellScriptBuildPhase;
			buildActionMask = 2147483647;
			files = (
			);
			inputFileListPaths = (
			);
			inputPaths = (
				"${PODS_PODFILE_DIR_PATH}/Podfile.lock",
				"${PODS_ROOT}/Manifest.lock",
			);
			name = "[CP] Check Pods Manifest.lock";
			outputFileListPaths = (
			);
			outputPaths = (
				"$(DERIVED_FILE_DIR)/Pods-K-PlayerAppSwiftUI-checkManifestLockResult.txt",
			);
			runOnlyForDeploymentPostprocessing = 0;
			shellPath = /bin/sh;
			shellScript = "diff \"${PODS_PODFILE_DIR_PATH}/Podfile.lock\" \"${PODS_ROOT}/Manifest.lock\" > /dev/null\nif [ $? != 0 ] ; then\n    # print error to STDERR\n    echo \"error: The sandbox is not in sync with the Podfile.lock. Run 'pod install' or update your CocoaPods installation.\" >&2\n    exit 1\nfi\n# This output is used by Xcode 'outputs' to avoid re-running this script phase.\necho \"SUCCESS\" > \"${SCRIPT_OUTPUT_FILE_0}\"\n";
			showEnvVarsInLog = 0;
		};
/* End PBXShellScriptBuildPhase section */

/* Begin PBXSourcesBuildPhase section */
		1652AB0A238DD978001C21E2 /* Sources */ = {
			isa = PBXSourcesBuildPhase;
			buildActionMask = 2147483647;
			files = (
				160A625E23C5521100790655 /* Song.swift in Sources */,
				16B6EF7824497A6A00D6EA84 /* User.swift in Sources */,
				1666450224E26B5800B62E5E /* ButtonView.swift in Sources */,
				16BB059423B6B42300E51A00 /* PlaylistIcons.swift in Sources */,
				161528D0244D88B500C7B0D4 /* Auth.swift in Sources */,
				16C515FE2495A02C003B112A /* ContentView.swift in Sources */,
				160A625C23C4437F00790655 /* PlaylistRow.swift in Sources */,
				1652AB12238DD978001C21E2 /* AppDelegate.swift in Sources */,
				1664564B2433038C00B078F8 /* SignUpScreen.swift in Sources */,
				1652AB14238DD978001C21E2 /* SceneDelegate.swift in Sources */,
				1652AB16238DD978001C21E2 /* FullPlaylistScreen.swift in Sources */,
				16F94FC524234ED4009811A0 /* LoginScreen.swift in Sources */,
				16E62DB324557AAB00698EE6 /* SessionStore.swift in Sources */,
				1666450024E26B1900B62E5E /* PlaylistDetails.swift in Sources */,
				16CF35E723E01E3900833859 /* Data.swift in Sources */,
			);
			runOnlyForDeploymentPostprocessing = 0;
		};
/* End PBXSourcesBuildPhase section */

/* Begin PBXVariantGroup section */
		1652AB1C238DD979001C21E2 /* LaunchScreen.storyboard */ = {
			isa = PBXVariantGroup;
			children = (
				1652AB1D238DD979001C21E2 /* Base */,
			);
			name = LaunchScreen.storyboard;
			sourceTree = "<group>";
		};
/* End PBXVariantGroup section */

/* Begin XCBuildConfiguration section */
		1652AB20238DD979001C21E2 /* Debug */ = {
			isa = XCBuildConfiguration;
			buildSettings = {
				ALWAYS_SEARCH_USER_PATHS = NO;
				CLANG_ANALYZER_NONNULL = YES;
				CLANG_ANALYZER_NUMBER_OBJECT_CONVERSION = YES_AGGRESSIVE;
				CLANG_CXX_LANGUAGE_STANDARD = "gnu++14";
				CLANG_CXX_LIBRARY = "libc++";
				CLANG_ENABLE_MODULES = YES;
				CLANG_ENABLE_OBJC_ARC = YES;
				CLANG_ENABLE_OBJC_WEAK = YES;
				CLANG_WARN_BLOCK_CAPTURE_AUTORELEASING = YES;
				CLANG_WARN_BOOL_CONVERSION = YES;
				CLANG_WARN_COMMA = YES;
				CLANG_WARN_CONSTANT_CONVERSION = YES;
				CLANG_WARN_DEPRECATED_OBJC_IMPLEMENTATIONS = YES;
				CLANG_WARN_DIRECT_OBJC_ISA_USAGE = YES_ERROR;
				CLANG_WARN_DOCUMENTATION_COMMENTS = YES;
				CLANG_WARN_EMPTY_BODY = YES;
				CLANG_WARN_ENUM_CONVERSION = YES;
				CLANG_WARN_INFINITE_RECURSION = YES;
				CLANG_WARN_INT_CONVERSION = YES;
				CLANG_WARN_NON_LITERAL_NULL_CONVERSION = YES;
				CLANG_WARN_OBJC_IMPLICIT_RETAIN_SELF = YES;
				CLANG_WARN_OBJC_LITERAL_CONVERSION = YES;
				CLANG_WARN_OBJC_ROOT_CLASS = YES_ERROR;
				CLANG_WARN_RANGE_LOOP_ANALYSIS = YES;
				CLANG_WARN_STRICT_PROTOTYPES = YES;
				CLANG_WARN_SUSPICIOUS_MOVE = YES;
				CLANG_WARN_UNGUARDED_AVAILABILITY = YES_AGGRESSIVE;
				CLANG_WARN_UNREACHABLE_CODE = YES;
				CLANG_WARN__DUPLICATE_METHOD_MATCH = YES;
				COPY_PHASE_STRIP = NO;
				DEBUG_INFORMATION_FORMAT = dwarf;
				ENABLE_STRICT_OBJC_MSGSEND = YES;
				ENABLE_TESTABILITY = YES;
				GCC_C_LANGUAGE_STANDARD = gnu11;
				GCC_DYNAMIC_NO_PIC = NO;
				GCC_NO_COMMON_BLOCKS = YES;
				GCC_OPTIMIZATION_LEVEL = 0;
				GCC_PREPROCESSOR_DEFINITIONS = (
					"DEBUG=1",
					"$(inherited)",
				);
				GCC_WARN_64_TO_32_BIT_CONVERSION = YES;
				GCC_WARN_ABOUT_RETURN_TYPE = YES_ERROR;
				GCC_WARN_UNDECLARED_SELECTOR = YES;
				GCC_WARN_UNINITIALIZED_AUTOS = YES_AGGRESSIVE;
				GCC_WARN_UNUSED_FUNCTION = YES;
				GCC_WARN_UNUSED_VARIABLE = YES;
				IPHONEOS_DEPLOYMENT_TARGET = 13.2;
				MTL_ENABLE_DEBUG_INFO = INCLUDE_SOURCE;
				MTL_FAST_MATH = YES;
				ONLY_ACTIVE_ARCH = YES;
				SDKROOT = iphoneos;
				SWIFT_ACTIVE_COMPILATION_CONDITIONS = DEBUG;
				SWIFT_OPTIMIZATION_LEVEL = "-Onone";
			};
			name = Debug;
		};
		1652AB21238DD979001C21E2 /* Release */ = {
			isa = XCBuildConfiguration;
			buildSettings = {
				ALWAYS_SEARCH_USER_PATHS = NO;
				CLANG_ANALYZER_NONNULL = YES;
				CLANG_ANALYZER_NUMBER_OBJECT_CONVERSION = YES_AGGRESSIVE;
				CLANG_CXX_LANGUAGE_STANDARD = "gnu++14";
				CLANG_CXX_LIBRARY = "libc++";
				CLANG_ENABLE_MODULES = YES;
				CLANG_ENABLE_OBJC_ARC = YES;
				CLANG_ENABLE_OBJC_WEAK = YES;
				CLANG_WARN_BLOCK_CAPTURE_AUTORELEASING = YES;
				CLANG_WARN_BOOL_CONVERSION = YES;
				CLANG_WARN_COMMA = YES;
				CLANG_WARN_CONSTANT_CONVERSION = YES;
				CLANG_WARN_DEPRECATED_OBJC_IMPLEMENTATIONS = YES;
				CLANG_WARN_DIRECT_OBJC_ISA_USAGE = YES_ERROR;
				CLANG_WARN_DOCUMENTATION_COMMENTS = YES;
				CLANG_WARN_EMPTY_BODY = YES;
				CLANG_WARN_ENUM_CONVERSION = YES;
				CLANG_WARN_INFINITE_RECURSION = YES;
				CLANG_WARN_INT_CONVERSION = YES;
				CLANG_WARN_NON_LITERAL_NULL_CONVERSION = YES;
				CLANG_WARN_OBJC_IMPLICIT_RETAIN_SELF = YES;
				CLANG_WARN_OBJC_LITERAL_CONVERSION = YES;
				CLANG_WARN_OBJC_ROOT_CLASS = YES_ERROR;
				CLANG_WARN_RANGE_LOOP_ANALYSIS = YES;
				CLANG_WARN_STRICT_PROTOTYPES = YES;
				CLANG_WARN_SUSPICIOUS_MOVE = YES;
				CLANG_WARN_UNGUARDED_AVAILABILITY = YES_AGGRESSIVE;
				CLANG_WARN_UNREACHABLE_CODE = YES;
				CLANG_WARN__DUPLICATE_METHOD_MATCH = YES;
				COPY_PHASE_STRIP = NO;
				DEBUG_INFORMATION_FORMAT = "dwarf-with-dsym";
				ENABLE_NS_ASSERTIONS = NO;
				ENABLE_STRICT_OBJC_MSGSEND = YES;
				GCC_C_LANGUAGE_STANDARD = gnu11;
				GCC_NO_COMMON_BLOCKS = YES;
				GCC_WARN_64_TO_32_BIT_CONVERSION = YES;
				GCC_WARN_ABOUT_RETURN_TYPE = YES_ERROR;
				GCC_WARN_UNDECLARED_SELECTOR = YES;
				GCC_WARN_UNINITIALIZED_AUTOS = YES_AGGRESSIVE;
				GCC_WARN_UNUSED_FUNCTION = YES;
				GCC_WARN_UNUSED_VARIABLE = YES;
				IPHONEOS_DEPLOYMENT_TARGET = 13.2;
				MTL_ENABLE_DEBUG_INFO = NO;
				MTL_FAST_MATH = YES;
				SDKROOT = iphoneos;
				"SWIFT_ACTIVE_COMPILATION_CONDITIONS[arch=*]" = "-Xfrontend -warn-long-function-bodies=50";
				SWIFT_COMPILATION_MODE = wholemodule;
				SWIFT_OPTIMIZATION_LEVEL = "-O";
				VALIDATE_PRODUCT = YES;
			};
			name = Release;
		};
		1652AB23238DD979001C21E2 /* Debug */ = {
			isa = XCBuildConfiguration;
			baseConfigurationReference = C65DA1E47F25964D377C5F8F /* Pods-K-PlayerAppSwiftUI.debug.xcconfig */;
			buildSettings = {
				ASSETCATALOG_COMPILER_APPICON_NAME = AppIcon;
				CODE_SIGN_ENTITLEMENTS = "K-PlayerAppSwiftUI/K-PlayerAppSwiftUI.entitlements";
				CODE_SIGN_STYLE = Automatic;
				DEVELOPMENT_ASSET_PATHS = "\"K-PlayerAppSwiftUI/Preview Content\"";
				DEVELOPMENT_TEAM = 3ZVXV95L56;
				ENABLE_PREVIEWS = YES;
				INFOPLIST_FILE = "K-PlayerAppSwiftUI/Info.plist";
				LD_RUNPATH_SEARCH_PATHS = (
					"$(inherited)",
					"@executable_path/Frameworks",
				);
				PRODUCT_BUNDLE_IDENTIFIER = "com.AshleyRaigosa.K-PlayerAppSwiftUI";
				PRODUCT_NAME = "$(TARGET_NAME)";
				SUPPORTS_MACCATALYST = NO;
				SWIFT_VERSION = 5.0;
				TARGETED_DEVICE_FAMILY = "1,2";
			};
			name = Debug;
		};
		1652AB24238DD979001C21E2 /* Release */ = {
			isa = XCBuildConfiguration;
			baseConfigurationReference = 5ACF5A35F706100588D18338 /* Pods-K-PlayerAppSwiftUI.release.xcconfig */;
			buildSettings = {
				ASSETCATALOG_COMPILER_APPICON_NAME = AppIcon;
				CODE_SIGN_ENTITLEMENTS = "K-PlayerAppSwiftUI/K-PlayerAppSwiftUI.entitlements";
				CODE_SIGN_STYLE = Automatic;
				DEVELOPMENT_ASSET_PATHS = "\"K-PlayerAppSwiftUI/Preview Content\"";
				DEVELOPMENT_TEAM = 3ZVXV95L56;
				ENABLE_PREVIEWS = YES;
				INFOPLIST_FILE = "K-PlayerAppSwiftUI/Info.plist";
				LD_RUNPATH_SEARCH_PATHS = (
					"$(inherited)",
					"@executable_path/Frameworks",
				);
				PRODUCT_BUNDLE_IDENTIFIER = "com.AshleyRaigosa.K-PlayerAppSwiftUI";
				PRODUCT_NAME = "$(TARGET_NAME)";
				SUPPORTS_MACCATALYST = NO;
				SWIFT_VERSION = 5.0;
				TARGETED_DEVICE_FAMILY = "1,2";
			};
			name = Release;
		};
/* End XCBuildConfiguration section */

/* Begin XCConfigurationList section */
		1652AB09238DD978001C21E2 /* Build configuration list for PBXProject "K-PlayerAppSwiftUI" */ = {
			isa = XCConfigurationList;
			buildConfigurations = (
				1652AB20238DD979001C21E2 /* Debug */,
				1652AB21238DD979001C21E2 /* Release */,
			);
			defaultConfigurationIsVisible = 0;
			defaultConfigurationName = Release;
		};
		1652AB22238DD979001C21E2 /* Build configuration list for PBXNativeTarget "K-PlayerAppSwiftUI" */ = {
			isa = XCConfigurationList;
			buildConfigurations = (
				1652AB23238DD979001C21E2 /* Debug */,
				1652AB24238DD979001C21E2 /* Release */,
			);
			defaultConfigurationIsVisible = 0;
			defaultConfigurationName = Release;
		};
/* End XCConfigurationList section */
	};
	rootObject = 1652AB06238DD978001C21E2 /* Project object */;
}
